{
  "requires": true,
  "lockfileVersion": 1,
  "dependencies": {
    "@srexi/purecounterjs": {
      "version": "1.2.1",
      "resolved": "https://registry.npmjs.org/@srexi/purecounterjs/-/purecounterjs-1.2.1.tgz",
      "integrity": "sha512-desJ/czQyYWsKB8bVbMZpxF9aWS80GD7NgFDAnOEN0+FjKzFcjgXR8+oewlWksA/GG2MGza42eGoZnhSH9Er/A=="
    }
  }
}
